
Microsoft Visual Studio Solution File, Format Version 12.00
# Visual Studio 15
VisualStudioVersion = 15.0.27130.2027
MinimumVisualStudioVersion = 10.0.40219.1
Project("{FAE04EC0-301F-11D3-BF4B-00C04F79EFBC}") = "TLKAPP", "TLKAPP\TLKAPP.csproj", "{E7CD981D-719E-4F75-A8FA-56437E1A37F5}"
EndProject
Project("{FAE04EC0-301F-11D3-BF4B-00C04F79EFBC}") = "TLKMODELS", "TLKMODELS\TLKMODELS.csproj", "{5FA43569-A7F1-43DF-B2D0-A3D9429BE0FF}"
EndProject
Project("{FAE04EC0-301F-11D3-BF4B-00C04F79EFBC}") = "TLKVIEWMODLES", "TLKVIEWMODLES\TLKVIEWMODLES.csproj", "{57066411-B829-4179-86F5-9DFE758378E6}"
EndProject
Project("{FAE04EC0-301F-11D3-BF4B-00C04F79EFBC}") = "PatternHelper", "PatternHelper\PatternHelper.csproj", "{4B931CFA-FF74-42D6-AF05-805473F97FDB}"
EndProject
Project("{FAE04EC0-301F-11D3-BF4B-00C04F79EFBC}") = "CustomControls", "CustomControls\CustomControls.csproj", "{61670725-B545-45B7-BBE0-CEF7969EC399}"
EndProject
Global
	GlobalSection(SolutionConfigurationPlatforms) = preSolution
		Debug|Any CPU = Debug|Any CPU
		Release|Any CPU = Release|Any CPU
	EndGlobalSection
	GlobalSection(ProjectConfigurationPlatforms) = postSolution
		{E7CD981D-719E-4F75-A8FA-56437E1A37F5}.Debug|Any CPU.ActiveCfg = Debug|Any CPU
		{E7CD981D-719E-4F75-A8FA-56437E1A37F5}.Debug|Any CPU.Build.0 = Debug|Any CPU
		{E7CD981D-719E-4F75-A8FA-56437E1A37F5}.Release|Any CPU.ActiveCfg = Release|Any CPU
		{E7CD981D-719E-4F75-A8FA-56437E1A37F5}.Release|Any CPU.Build.0 = Release|Any CPU
		{5FA43569-A7F1-43DF-B2D0-A3D9429BE0FF}.Debug|Any CPU.ActiveCfg = Debug|Any CPU
		{5FA43569-A7F1-43DF-B2D0-A3D9429BE0FF}.Debug|Any CPU.Build.0 = Debug|Any CPU
		{5FA43569-A7F1-43DF-B2D0-A3D9429BE0FF}.Release|Any CPU.ActiveCfg = Release|Any CPU
		{5FA43569-A7F1-43DF-B2D0-A3D9429BE0FF}.Release|Any CPU.Build.0 = Release|Any CPU
		{57066411-B829-4179-86F5-9DFE758378E6}.Debug|Any CPU.ActiveCfg = Debug|Any CPU
		{57066411-B829-4179-86F5-9DFE758378E6}.Debug|Any CPU.Build.0 = Debug|Any CPU
		{57066411-B829-4179-86F5-9DFE758378E6}.Release|Any CPU.ActiveCfg = Release|Any CPU
		{57066411-B829-4179-86F5-9DFE758378E6}.Release|Any CPU.Build.0 = Release|Any CPU
		{4B931CFA-FF74-42D6-AF05-805473F97FDB}.Debug|Any CPU.ActiveCfg = Debug|Any CPU
		{4B931CFA-FF74-42D6-AF05-805473F97FDB}.Debug|Any CPU.Build.0 = Debug|Any CPU
		{4B931CFA-FF74-42D6-AF05-805473F97FDB}.Release|Any CPU.ActiveCfg = Release|Any CPU
		{4B931CFA-FF74-42D6-AF05-805473F97FDB}.Release|Any CPU.Build.0 = Release|Any CPU
		{61670725-B545-45B7-BBE0-CEF7969EC399}.Debug|Any CPU.ActiveCfg = Debug|Any CPU
		{61670725-B545-45B7-BBE0-CEF7969EC399}.Debug|Any CPU.Build.0 = Debug|Any CPU
		{61670725-B545-45B7-BBE0-CEF7969EC399}.Release|Any CPU.ActiveCfg = Release|Any CPU
		{61670725-B545-45B7-BBE0-CEF7969EC399}.Release|Any CPU.Build.0 = Release|Any CPU
	EndGlobalSection
	GlobalSection(SolutionProperties) = preSolution
		HideSolutionNode = FALSE
	EndGlobalSection
	GlobalSection(ExtensibilityGlobals) = postSolution
		SolutionGuid = {DD3CF326-7F4A-4DE9-BC16-D99431E087B2}
	EndGlobalSection
EndGlobal
